
Microsoft Visual Studio Solution File, Format Version 12.00
# Visual Studio 15
VisualStudioVersion = 15.0.28307.271
MinimumVisualStudioVersion = 10.0.40219.1
Project("{FAE04EC0-301F-11D3-BF4B-00C04F79EFBC}") = "DataScience2_2019_genetic", "DataScience2_2019_genetic\DataScience2_2019_genetic.csproj", "{240649C7-CA36-4102-8F97-C70DA55BE1E9}"
EndProject
Global
	GlobalSection(SolutionConfigurationPlatforms) = preSolution
		Debug|Any CPU = Debug|Any CPU
		Release|Any CPU = Release|Any CPU
	EndGlobalSection
	GlobalSection(ProjectConfigurationPlatforms) = postSolution
		{240649C7-CA36-4102-8F97-C70DA55BE1E9}.Debug|Any CPU.ActiveCfg = Debug|Any CPU
		{240649C7-CA36-4102-8F97-C70DA55BE1E9}.Debug|Any CPU.Build.0 = Debug|Any CPU
		{240649C7-CA36-4102-8F97-C70DA55BE1E9}.Release|Any CPU.ActiveCfg = Release|Any CPU
		{240649C7-CA36-4102-8F97-C70DA55BE1E9}.Release|Any CPU.Build.0 = Release|Any CPU
	EndGlobalSection
	GlobalSection(SolutionProperties) = preSolution
		HideSolutionNode = FALSE
	EndGlobalSection
	GlobalSection(ExtensibilityGlobals) = postSolution
		SolutionGuid = {EF573603-6739-4107-BEDD-56457A925180}
	EndGlobalSection
EndGlobal
